{
  "name": "ssapp-template",
  "version": "1.0.0",
  "lockfileVersion": 1,
  "requires": true,
  "dependencies": {
    "octopus": {
      "version": "git+https://github.com/PrivateSky/octopus.git#e6b8551a71d21404d8f6629e5ddd6988e4322355",
      "from": "git+https://github.com/PrivateSky/octopus.git"
    }
  }
}
